{
  "name": "granola",
  "version": "1.0.1",
  "lockfileVersion": 1,
  "requires": true,
  "dependencies": {
    "vent-dom": {
      "version": "0.0.6",
      "resolved": "https://registry.npmjs.org/vent-dom/-/vent-dom-0.0.6.tgz",
      "integrity": "sha512-zomqdpYnUgyLtfERNgDGY69JlN9+Y9CqeOkHairMctg6xN8s3Dly+06exbbtkW8sfQCkq7xQ2DKhFQfjoMepOw=="
    }
  }
}
