# THIS IS AN AUTOGENERATED FILE. DO NOT EDIT THIS FILE DIRECTLY.
# yarn lockfile v1


"@ndhoule/each@^2.0.1":
  version "2.0.1"
  resolved "https://registry.yarnpkg.com/@ndhoule/each/-/each-2.0.1.tgz#bbed372a603e0713a3193c706a73ddebc5b426a9"
  integrity sha1-u+03KmA+BxOjGTxwanPd68W0Jqk=
  dependencies:
    "@ndhoule/keys" "^2.0.0"

"@ndhoule/foldl@^2.0.1":
  version "2.0.1"
  resolved "https://registry.yarnpkg.com/@ndhoule/foldl/-/foldl-2.0.1.tgz#788acedfa2cfd12ecb0b84d2beaf650d97be84f2"
  integrity sha1-eIrO36LP0S7LC4TSvq9lDZe+hPI=
  dependencies:
    "@ndhoule/each" "^2.0.1"

"@ndhoule/keys@^2.0.0":
  version "2.0.0"
  resolved "https://registry.yarnpkg.com/@ndhoule/keys/-/keys-2.0.0.tgz#3d64ae677c65a261747bf3a457c62eb292a4e0ce"
  integrity sha1-PWSuZ3xlomF0e/OkV8YuspKk4M4=

"@segment/utm-params@^2.0.0":
  version "2.0.0"
  resolved "https://registry.yarnpkg.com/@segment/utm-params/-/utm-params-2.0.0.tgz#fea3c8a92bfba0d69e861fb3b26d7d882f139334"
  integrity sha1-/qPIqSv7oNaehh+zsm19iC8TkzQ=
  dependencies:
    "@ndhoule/foldl" "^2.0.1"
    component-querystring "^2.0.0"

component-querystring@^2.0.0:
  version "2.0.0"
  resolved "https://registry.yarnpkg.com/component-querystring/-/component-querystring-2.0.0.tgz#84a95d18e471c8491b043df240f0d18d4db527ec"
  integrity sha1-hKldGORxyEkbBD3yQPDRjU21J+w=
  dependencies:
    component-type "1.1.0"
    trim "0.0.1"

component-type@1.1.0:
  version "1.1.0"
  resolved "https://registry.yarnpkg.com/component-type/-/component-type-1.1.0.tgz#95b666aad53e5c8d1f2be135c45b5d499197c0c5"
  integrity sha1-lbZmqtU+XI0fK+E1xFtdSZGXwMU=

trim@0.0.1:
  version "0.0.1"
  resolved "https://registry.yarnpkg.com/trim/-/trim-0.0.1.tgz#5858547f6b290757ee95cccc666fb50084c460dd"
  integrity sha1-WFhUf2spB1fulczMZm+1AITEYN0=

uuid@7.0.2:
  version "7.0.2"
  resolved "https://registry.yarnpkg.com/uuid/-/uuid-7.0.2.tgz#7ff5c203467e91f5e0d85cfcbaaf7d2ebbca9be6"
  integrity sha512-vy9V/+pKG+5ZTYKf+VcphF5Oc6EFiu3W8Nv3P3zIh0EqVI80ZxOzuPfe9EHjkFNvf8+xuTHVeei4Drydlx4zjw==

uuidv4@^6.0.6:
  version "6.0.6"
  resolved "https://registry.yarnpkg.com/uuidv4/-/uuidv4-6.0.6.tgz#6966e8dd15760528a0f954843d24fdfdfda5a329"
  integrity sha512-10YcruyGJtsG5SJnPG+8atr8toJa7xAOrcO7B7plYYiwpH1mQ8UZHjNSa2MrwGi6KWuyVrXGHr+Rce22F9UAiw==
  dependencies:
    uuid "7.0.2"

vent-dom@0.0.6:
  version "0.0.6"
  resolved "https://registry.yarnpkg.com/vent-dom/-/vent-dom-0.0.6.tgz#450ecb67f663366cc37e35cb204ab8b6f62af338"
  integrity sha512-zomqdpYnUgyLtfERNgDGY69JlN9+Y9CqeOkHairMctg6xN8s3Dly+06exbbtkW8sfQCkq7xQ2DKhFQfjoMepOw==
